{
  "nodes": {
    "darwin": {
      "inputs": {
        "nixpkgs": [
          "nixpkgs"
        ]
      },
      "locked": {
        "lastModified": 1608628442,
        "narHash": "sha256-MNpNlZ2TqaQNiYuP8UcudfQoZAT/ocwFwFxhANSRt1c=",
        "owner": "lnl7",
        "repo": "nix-darwin",
        "rev": "8834df431736c3037bbef017b24c62bc4ace4645",
        "type": "github"
      },
      "original": {
        "owner": "lnl7",
        "repo": "nix-darwin",
        "type": "github"
      }
    },
    "emacs-overlay": {
      "locked": {
        "lastModified": 1611792821,
        "narHash": "sha256-0K5cy8tBxi7/uvWCd52YLPq+BKxUI+oEim3ZZIfg+6w=",
        "owner": "nix-community",
        "repo": "emacs-overlay",
        "rev": "f1e51c853023a4736790152c722c8f7f7111e5b3",
        "type": "github"
      },
      "original": {
        "owner": "nix-community",
        "repo": "emacs-overlay",
        "type": "github"
      }
    },
    "home-manager": {
      "inputs": {
        "nixpkgs": [
          "nixpkgs"
        ]
      },
      "locked": {
        "lastModified": 1611784121,
        "narHash": "sha256-H0KonFbl300yRHjb41meuEUGJYG/OY0sAu7Z6rAeMCU=",
        "owner": "rycee",
        "repo": "home-manager",
        "rev": "db88b625f9230154878db56e934e940d84f153bc",
        "type": "github"
      },
      "original": {
        "owner": "rycee",
        "ref": "master",
        "repo": "home-manager",
        "type": "github"
      }
    },
    "nixos-hardware": {
      "locked": {
        "lastModified": 1611383797,
        "narHash": "sha256-FIpG2f4+d9UsXCogBTswoPjD/aWZ3dvV5TZjqlL4gyM=",
        "owner": "nixos",
        "repo": "nixos-hardware",
        "rev": "a0d8383c422f85f37fccee5af74b1cb4b52287d9",
        "type": "github"
      },
      "original": {
        "owner": "nixos",
        "repo": "nixos-hardware",
        "type": "github"
      }
    },
    "nixpkgs": {
      "locked": {
        "lastModified": 1611800039,
        "narHash": "sha256-XaxebHKQR67wOq3nL0d65NO4bzxelLc7nizJGHpD4ws=",
        "owner": "NixOS",
        "repo": "nixpkgs",
        "rev": "8d0f701bf8bad624d5ffab9b634007546e946c03",
        "type": "github"
      },
      "original": {
        "id": "nixpkgs",
        "ref": "master",
        "type": "indirect"
      }
    },
    "nixpkgs-unstable": {
      "locked": {
        "lastModified": 1611800039,
        "narHash": "sha256-XaxebHKQR67wOq3nL0d65NO4bzxelLc7nizJGHpD4ws=",
        "owner": "NixOS",
        "repo": "nixpkgs",
        "rev": "8d0f701bf8bad624d5ffab9b634007546e946c03",
        "type": "github"
      },
      "original": {
        "id": "nixpkgs",
        "ref": "master",
        "type": "indirect"
      }
    },
    "root": {
      "inputs": {
        "darwin": "darwin",
        "emacs-overlay": "emacs-overlay",
        "home-manager": "home-manager",
        "nixos-hardware": "nixos-hardware",
        "nixpkgs": "nixpkgs",
        "nixpkgs-unstable": "nixpkgs-unstable"
      }
    }
  },
  "root": "root",
  "version": 7
}
