{
  "nodes": {
    "agenix": {
      "inputs": {
        "nixpkgs": [
          "nixpkgs"
        ]
      },
      "locked": {
        "lastModified": 1627822587,
        "narHash": "sha256-AAFgsVe/ahLh1Ij2o98x6IMxz3Z+Tr97bFwa4nthB1w=",
        "owner": "ryantm",
        "repo": "agenix",
        "rev": "e6752e7b8592502df42066f156165471e62d902d",
        "type": "github"
      },
      "original": {
        "owner": "ryantm",
        "repo": "agenix",
        "type": "github"
      }
    },
    "emacs-overlay": {
      "locked": {
        "lastModified": 1631065281,
        "narHash": "sha256-aBtY2328cUCqxFxp9xxkNwE4lDK9SmydXXZXLS0G3fE=",
        "owner": "nix-community",
        "repo": "emacs-overlay",
        "rev": "a28cee9646185a69e539859f365631cef0e51738",
        "type": "github"
      },
      "original": {
        "owner": "nix-community",
        "repo": "emacs-overlay",
        "type": "github"
      }
    },
    "home-manager": {
      "inputs": {
        "nixpkgs": [
          "nixpkgs"
        ]
      },
      "locked": {
        "lastModified": 1631051269,
        "narHash": "sha256-ZL5TgMYPpRUWN/GGdJ7gIiYjxaWI+EP8HdFT1GZ+wd0=",
        "owner": "rycee",
        "repo": "home-manager",
        "rev": "275f39611dc32243842d5818141278b5676653f2",
        "type": "github"
      },
      "original": {
        "owner": "rycee",
        "ref": "master",
        "repo": "home-manager",
        "type": "github"
      }
    },
    "nixos-hardware": {
      "locked": {
        "lastModified": 1629975021,
        "narHash": "sha256-+z4pK5yvoIKAIPGnyxt7I7Y9yX72HFP2krppGENpn6I=",
        "owner": "nixos",
        "repo": "nixos-hardware",
        "rev": "342048461da7fc743e588ee744080c045613a226",
        "type": "github"
      },
      "original": {
        "owner": "nixos",
        "repo": "nixos-hardware",
        "type": "github"
      }
    },
    "nixpkgs": {
      "locked": {
        "lastModified": 1631080208,
        "narHash": "sha256-ShtDe4/lJyn8XkLnLeqP+Lwy3BLQnH1jVkhdG5O8gz8=",
        "owner": "NixOS",
        "repo": "nixpkgs",
        "rev": "d559051a1c578db37a8e85e132a07d8466b9cd37",
        "type": "github"
      },
      "original": {
        "id": "nixpkgs",
        "ref": "master",
        "type": "indirect"
      }
    },
    "nixpkgs-unstable": {
      "locked": {
        "lastModified": 1630500761,
        "narHash": "sha256-xjEjZro342lUPd5Z/fFwdAX1dMXXZ3tvPGqMpqs0U20=",
        "owner": "NixOS",
        "repo": "nixpkgs",
        "rev": "6cc260cfd60f094500b79e279069b499806bf6d8",
        "type": "github"
      },
      "original": {
        "id": "nixpkgs",
        "ref": "nixpkgs-unstable",
        "type": "indirect"
      }
    },
    "root": {
      "inputs": {
        "agenix": "agenix",
        "emacs-overlay": "emacs-overlay",
        "home-manager": "home-manager",
        "nixos-hardware": "nixos-hardware",
        "nixpkgs": "nixpkgs",
        "nixpkgs-unstable": "nixpkgs-unstable"
      }
    }
  },
  "root": "root",
  "version": 7
}
